
Microsoft Visual Studio Solution File, Format Version 12.00
# Visual Studio Version 17
VisualStudioVersion = 17.1.32421.90
MinimumVisualStudioVersion = 10.0.40219.1
Project("{FAE04EC0-301F-11D3-BF4B-00C04F79EFBC}") = "WebAPI.ProjectManagement", "WebAPI.ProjectManagement\WebAPI.ProjectManagement.csproj", "{2998BD84-9874-4A1E-86DD-6390168ED500}"
EndProject
Global
	GlobalSection(SolutionConfigurationPlatforms) = preSolution
		Debug|Any CPU = Debug|Any CPU
		Release|Any CPU = Release|Any CPU
	EndGlobalSection
	GlobalSection(ProjectConfigurationPlatforms) = postSolution
		{2998BD84-9874-4A1E-86DD-6390168ED500}.Debug|Any CPU.ActiveCfg = Debug|Any CPU
		{2998BD84-9874-4A1E-86DD-6390168ED500}.Debug|Any CPU.Build.0 = Debug|Any CPU
		{2998BD84-9874-4A1E-86DD-6390168ED500}.Release|Any CPU.ActiveCfg = Release|Any CPU
		{2998BD84-9874-4A1E-86DD-6390168ED500}.Release|Any CPU.Build.0 = Release|Any CPU
	EndGlobalSection
	GlobalSection(SolutionProperties) = preSolution
		HideSolutionNode = FALSE
	EndGlobalSection
	GlobalSection(ExtensibilityGlobals) = postSolution
		SolutionGuid = {050C48F1-BA1D-4636-B238-E82F713E26D2}
	EndGlobalSection
EndGlobal
